
Microsoft Visual Studio Solution File, Format Version 12.00
Project("{FAE04EC0-301F-11D3-BF4B-00C04F79EFBC}") = "MonkeyPlayground.Client", "MonkeyPlayground.Client\MonkeyPlayground.Client.csproj", "{75BE7A9A-05BB-4894-8007-37C7348C6B81}"
EndProject
Global
	GlobalSection(SolutionConfigurationPlatforms) = preSolution
		Debug|Any CPU = Debug|Any CPU
		Release|Any CPU = Release|Any CPU
	EndGlobalSection
	GlobalSection(ProjectConfigurationPlatforms) = postSolution
		{75BE7A9A-05BB-4894-8007-37C7348C6B81}.Debug|Any CPU.ActiveCfg = Debug|Any CPU
		{75BE7A9A-05BB-4894-8007-37C7348C6B81}.Debug|Any CPU.Build.0 = Debug|Any CPU
		{75BE7A9A-05BB-4894-8007-37C7348C6B81}.Release|Any CPU.ActiveCfg = Release|Any CPU
		{75BE7A9A-05BB-4894-8007-37C7348C6B81}.Release|Any CPU.Build.0 = Release|Any CPU
	EndGlobalSection
EndGlobal
